{
  "name": "examples",
  "lockfileVersion": 3,
  "requires": true,
  "packages": {
    "": {
      "dependencies": {
        "@anthropic-ai/claude-code": "^2.1.122"
      }
    },
    "node_modules/@anthropic-ai/claude-code": {
      "version": "2.1.122",
      "resolved": "https://registry.npmjs.org/@anthropic-ai/claude-code/-/claude-code-2.1.122.tgz",
      "integrity": "sha512-AQhsnIM1QioglrgK1im57U9Akc8n8ryH1lt/P+xafl1gjkLza2iSVFNikJvZTP8h+9dFxTS4Re+Z7aP5sxcteA==",
      "hasInstallScript": true,
      "license": "SEE LICENSE IN README.md",
      "bin": {
        "claude": "bin/claude.exe"
      },
      "engines": {
        "node": ">=18.0.0"
      },
      "optionalDependencies": {
        "@anthropic-ai/claude-code-darwin-arm64": "2.1.122",
        "@anthropic-ai/claude-code-darwin-x64": "2.1.122",
        "@anthropic-ai/claude-code-linux-arm64": "2.1.122",
        "@anthropic-ai/claude-code-linux-arm64-musl": "2.1.122",
        "@anthropic-ai/claude-code-linux-x64": "2.1.122",
        "@anthropic-ai/claude-code-linux-x64-musl": "2.1.122",
        "@anthropic-ai/claude-code-win32-arm64": "2.1.122",
        "@anthropic-ai/claude-code-win32-x64": "2.1.122"
      }
    },
    "node_modules/@anthropic-ai/claude-code-darwin-arm64": {
      "version": "2.1.122",
      "resolved": "https://registry.npmjs.org/@anthropic-ai/claude-code-darwin-arm64/-/claude-code-darwin-arm64-2.1.122.tgz",
      "integrity": "sha512-OE1fY+9wfTC3yfOQKznFN1uka8ssgZ55PWm1YI74TF+SNV044sZbLgeiIm4dHI0hrECoRRBS5gxdejhwx41VMw==",
      "cpu": [
        "arm64"
      ],
      "license": "SEE LICENSE IN LICENSE.md",
      "optional": true,
      "os": [
        "darwin"
      ]
    },
    "node_modules/@anthropic-ai/claude-code-darwin-x64": {
      "version": "2.1.122",
      "resolved": "https://registry.npmjs.org/@anthropic-ai/claude-code-darwin-x64/-/claude-code-darwin-x64-2.1.122.tgz",
      "integrity": "sha512-HF81p8OaPN5dcFhEXyI0K7uNyOv6kbk1akxsRma7QYHpgGut1Jf1XSirJaxFJgrCbQDTqKB2CrsbDnJpINz02Q==",
      "cpu": [
        "x64"
      ],
      "license": "SEE LICENSE IN LICENSE.md",
      "optional": true,
      "os": [
        "darwin"
      ]
    },
    "node_modules/@anthropic-ai/claude-code-linux-arm64": {
      "version": "2.1.122",
      "resolved": "https://registry.npmjs.org/@anthropic-ai/claude-code-linux-arm64/-/claude-code-linux-arm64-2.1.122.tgz",
      "integrity": "sha512-+VtPgLjH26yC/8zAjKxvJ41bNcjOfV5VfDmN6wIes0i5Xbh+r5UXxVbTIADstMb8izCebUTPaJP/EzoxpOcLGw==",
      "cpu": [
        "arm64"
      ],
      "license": "SEE LICENSE IN LICENSE.md",
      "optional": true,
      "os": [
        "linux"
      ]
    },
    "node_modules/@anthropic-ai/claude-code-linux-arm64-musl": {
      "version": "2.1.122",
      "resolved": "https://registry.npmjs.org/@anthropic-ai/claude-code-linux-arm64-musl/-/claude-code-linux-arm64-musl-2.1.122.tgz",
      "integrity": "sha512-ylFZCoN2uvcCF+yHMVl0rqucZlQ8GwireaqjNOk2I+gajTGobXF6VMVDHkX1EfY00JGDx3nqES2gsZfmaHx6lA==",
      "cpu": [
        "arm64"
      ],
      "license": "SEE LICENSE IN LICENSE.md",
      "optional": true,
      "os": [
        "linux"
      ]
    },
    "node_modules/@anthropic-ai/claude-code-linux-x64": {
      "version": "2.1.122",
      "resolved": "https://registry.npmjs.org/@anthropic-ai/claude-code-linux-x64/-/claude-code-linux-x64-2.1.122.tgz",
      "integrity": "sha512-TckCblnmiLsSgzVkLhPnJrPpZwpbNMNZxW+eaTPJAqGNFmZMWTkiVZbbcKCAX7J7k7128lLqYCUnX+sucYmnQQ==",
      "cpu": [
        "x64"
      ],
      "license": "SEE LICENSE IN LICENSE.md",
      "optional": true,
      "os": [
        "linux"
      ]
    },
    "node_modules/@anthropic-ai/claude-code-linux-x64-musl": {
      "version": "2.1.122",
      "resolved": "https://registry.npmjs.org/@anthropic-ai/claude-code-linux-x64-musl/-/claude-code-linux-x64-musl-2.1.122.tgz",
      "integrity": "sha512-hqETSurv1/h3l1fauGKRhRmcdnDIvxk5WuwLncT3BiR6I/Bd6ztkD1Y1Gn3X520lITSS7a1IGTCMw776TN6JQw==",
      "cpu": [
        "x64"
      ],
      "license": "SEE LICENSE IN LICENSE.md",
      "optional": true,
      "os": [
        "linux"
      ]
    },
    "node_modules/@anthropic-ai/claude-code-win32-arm64": {
      "version": "2.1.122",
      "resolved": "https://registry.npmjs.org/@anthropic-ai/claude-code-win32-arm64/-/claude-code-win32-arm64-2.1.122.tgz",
      "integrity": "sha512-lUhS8pEvxgkcSnpDYhBZFRCKojGjy1ju0ugseD2jT7usVjYlNxMwiZgX9vmHe0EhHpupm7JKX2bb7BVLB0zyAw==",
      "cpu": [
        "arm64"
      ],
      "license": "SEE LICENSE IN LICENSE.md",
      "optional": true,
      "os": [
        "win32"
      ]
    },
    "node_modules/@anthropic-ai/claude-code-win32-x64": {
      "version": "2.1.122",
      "resolved": "https://registry.npmjs.org/@anthropic-ai/claude-code-win32-x64/-/claude-code-win32-x64-2.1.122.tgz",
      "integrity": "sha512-DcXiWzgSFEbO7AkrjXYIZ4oZNgVeknEe+RnP/SJ3FAKHKjYothXf0T3HG0dxAlMkyJqVoIbT8mL9AKo7YLAnCA==",
      "cpu": [
        "x64"
      ],
      "license": "SEE LICENSE IN LICENSE.md",
      "optional": true,
      "os": [
        "win32"
      ]
    }
  }
}
